
Microsoft Visual Studio Solution File, Format Version 12.00
# Visual Studio 14
VisualStudioVersion = 14.0.25420.1
MinimumVisualStudioVersion = 10.0.40219.1
Project("{2150E333-8FDC-42A3-9474-1A3956D46DE8}") = "Data", "Data", "{90C4E424-21A6-4A07-A4A1-BA0B092ED2F8}"
EndProject
Project("{2150E333-8FDC-42A3-9474-1A3956D46DE8}") = "Services", "Services", "{8B81737B-3CFE-4D5D-A04E-65F600E1B3CF}"
EndProject
Project("{2150E333-8FDC-42A3-9474-1A3956D46DE8}") = "CoverAll", "CoverAll", "{81BCC20D-C9EE-4B12-A0FE-CBDA04405961}"
EndProject
Project("{2150E333-8FDC-42A3-9474-1A3956D46DE8}") = "Tests", "Tests", "{38690FCE-C6D9-4C71-9CC3-6337CFCF0A28}"
EndProject
Project("{FAE04EC0-301F-11D3-BF4B-00C04F79EFBC}") = "CoverAllDependences", "CoverAll\CoverAllDependences\CoverAllDependences.csproj", "{07423B5D-E594-4E5E-8357-ABFD3DC44CB0}"
EndProject
Project("{FAE04EC0-301F-11D3-BF4B-00C04F79EFBC}") = "OnLineShop.Data", "Data\OnLineShop.Data\OnLineShop.Data.csproj", "{23C3BD06-F39E-409B-9F23-C8B3BDC0957E}"
EndProject
Project("{FAE04EC0-301F-11D3-BF4B-00C04F79EFBC}") = "OnLineShop.Data.Models", "Data\OnLineShop.Data.Models\OnLineShop.Data.Models.csproj", "{056E42D9-7AB6-4346-92AF-167BE6F540B9}"
EndProject
Project("{FAE04EC0-301F-11D3-BF4B-00C04F79EFBC}") = "OnLineShop.Data.Tests", "Tests\OnLineShop.Data.Tests\OnLineShop.Data.Tests.csproj", "{1C40A8B9-C4C0-4D6D-991C-C858223EFCF6}"
EndProject
Project("{FAE04EC0-301F-11D3-BF4B-00C04F79EFBC}") = "OnLineShop.Web.Tests", "Tests\OnLineShop.Web.Tests\OnLineShop.Web.Tests.csproj", "{0BC384D8-C336-4E04-BE01-000A18B8195A}"
EndProject
Project("{2150E333-8FDC-42A3-9474-1A3956D46DE8}") = "Web", "Web", "{D6EB6566-8603-4390-880B-F2EFF43E1BB4}"
EndProject
Project("{FAE04EC0-301F-11D3-BF4B-00C04F79EFBC}") = "OnLineShop.Web", "Web\OnLineShop.Web\OnLineShop.Web.csproj", "{92F8299E-F122-440A-9DD5-8AEAD055366B}"
EndProject
Project("{2150E333-8FDC-42A3-9474-1A3956D46DE8}") = "Common", "Common", "{2E962596-0E27-4D96-A493-F3A5BEB9EDE8}"
EndProject
Project("{FAE04EC0-301F-11D3-BF4B-00C04F79EFBC}") = "OnLineShop.Common.Constants", "Common\OnLineShop.Common.Constants\OnLineShop.Common.Constants.csproj", "{47D3D32E-4834-4642-8FE8-825EB3FEFBCA}"
EndProject
Project("{FAE04EC0-301F-11D3-BF4B-00C04F79EFBC}") = "OnLineShop.Web.Infrastructure", "Web\OnLineShop.Web.Infrastructure\OnLineShop.Web.Infrastructure.csproj", "{2F9A69BE-2E11-4EB1-91FD-869876F80D1B}"
EndProject
Project("{FAE04EC0-301F-11D3-BF4B-00C04F79EFBC}") = "OnLineShop.Services.Data", "Services\OnLineShop.Services.Data\OnLineShop.Services.Data.csproj", "{08329187-D558-400B-B78B-389BD0EA25EA}"
EndProject
Project("{FAE04EC0-301F-11D3-BF4B-00C04F79EFBC}") = "OnLineShop.Services.Data.Tests", "Tests\OnLineShop.Services.Data.Tests\OnLineShop.Services.Data.Tests.csproj", "{8B975CB5-8389-40E4-B363-9ECF468CE43E}"
EndProject
Project("{2150E333-8FDC-42A3-9474-1A3956D46DE8}") = "Solution Items", "Solution Items", "{7BD57C16-368C-43EF-BCD6-29F1AA7729A3}"
	ProjectSection(SolutionItems) = preProject
		HTMLPage1.html = HTMLPage1.html
	EndProjectSection
EndProject
Global
	GlobalSection(SolutionConfigurationPlatforms) = preSolution
		Debug|Any CPU = Debug|Any CPU
		Release|Any CPU = Release|Any CPU
	EndGlobalSection
	GlobalSection(ProjectConfigurationPlatforms) = postSolution
		{07423B5D-E594-4E5E-8357-ABFD3DC44CB0}.Debug|Any CPU.ActiveCfg = Debug|Any CPU
		{07423B5D-E594-4E5E-8357-ABFD3DC44CB0}.Debug|Any CPU.Build.0 = Debug|Any CPU
		{07423B5D-E594-4E5E-8357-ABFD3DC44CB0}.Release|Any CPU.ActiveCfg = Release|Any CPU
		{07423B5D-E594-4E5E-8357-ABFD3DC44CB0}.Release|Any CPU.Build.0 = Release|Any CPU
		{23C3BD06-F39E-409B-9F23-C8B3BDC0957E}.Debug|Any CPU.ActiveCfg = Debug|Any CPU
		{23C3BD06-F39E-409B-9F23-C8B3BDC0957E}.Debug|Any CPU.Build.0 = Debug|Any CPU
		{23C3BD06-F39E-409B-9F23-C8B3BDC0957E}.Release|Any CPU.ActiveCfg = Release|Any CPU
		{23C3BD06-F39E-409B-9F23-C8B3BDC0957E}.Release|Any CPU.Build.0 = Release|Any CPU
		{056E42D9-7AB6-4346-92AF-167BE6F540B9}.Debug|Any CPU.ActiveCfg = Debug|Any CPU
		{056E42D9-7AB6-4346-92AF-167BE6F540B9}.Debug|Any CPU.Build.0 = Debug|Any CPU
		{056E42D9-7AB6-4346-92AF-167BE6F540B9}.Release|Any CPU.ActiveCfg = Release|Any CPU
		{056E42D9-7AB6-4346-92AF-167BE6F540B9}.Release|Any CPU.Build.0 = Release|Any CPU
		{1C40A8B9-C4C0-4D6D-991C-C858223EFCF6}.Debug|Any CPU.ActiveCfg = Debug|Any CPU
		{1C40A8B9-C4C0-4D6D-991C-C858223EFCF6}.Debug|Any CPU.Build.0 = Debug|Any CPU
		{1C40A8B9-C4C0-4D6D-991C-C858223EFCF6}.Release|Any CPU.ActiveCfg = Release|Any CPU
		{1C40A8B9-C4C0-4D6D-991C-C858223EFCF6}.Release|Any CPU.Build.0 = Release|Any CPU
		{0BC384D8-C336-4E04-BE01-000A18B8195A}.Debug|Any CPU.ActiveCfg = Debug|Any CPU
		{0BC384D8-C336-4E04-BE01-000A18B8195A}.Debug|Any CPU.Build.0 = Debug|Any CPU
		{0BC384D8-C336-4E04-BE01-000A18B8195A}.Release|Any CPU.ActiveCfg = Release|Any CPU
		{0BC384D8-C336-4E04-BE01-000A18B8195A}.Release|Any CPU.Build.0 = Release|Any CPU
		{92F8299E-F122-440A-9DD5-8AEAD055366B}.Debug|Any CPU.ActiveCfg = Debug|Any CPU
		{92F8299E-F122-440A-9DD5-8AEAD055366B}.Debug|Any CPU.Build.0 = Debug|Any CPU
		{92F8299E-F122-440A-9DD5-8AEAD055366B}.Release|Any CPU.ActiveCfg = Release|Any CPU
		{92F8299E-F122-440A-9DD5-8AEAD055366B}.Release|Any CPU.Build.0 = Release|Any CPU
		{47D3D32E-4834-4642-8FE8-825EB3FEFBCA}.Debug|Any CPU.ActiveCfg = Debug|Any CPU
		{47D3D32E-4834-4642-8FE8-825EB3FEFBCA}.Debug|Any CPU.Build.0 = Debug|Any CPU
		{47D3D32E-4834-4642-8FE8-825EB3FEFBCA}.Release|Any CPU.ActiveCfg = Release|Any CPU
		{47D3D32E-4834-4642-8FE8-825EB3FEFBCA}.Release|Any CPU.Build.0 = Release|Any CPU
		{2F9A69BE-2E11-4EB1-91FD-869876F80D1B}.Debug|Any CPU.ActiveCfg = Debug|Any CPU
		{2F9A69BE-2E11-4EB1-91FD-869876F80D1B}.Debug|Any CPU.Build.0 = Debug|Any CPU
		{2F9A69BE-2E11-4EB1-91FD-869876F80D1B}.Release|Any CPU.ActiveCfg = Release|Any CPU
		{2F9A69BE-2E11-4EB1-91FD-869876F80D1B}.Release|Any CPU.Build.0 = Release|Any CPU
		{08329187-D558-400B-B78B-389BD0EA25EA}.Debug|Any CPU.ActiveCfg = Debug|Any CPU
		{08329187-D558-400B-B78B-389BD0EA25EA}.Debug|Any CPU.Build.0 = Debug|Any CPU
		{08329187-D558-400B-B78B-389BD0EA25EA}.Release|Any CPU.ActiveCfg = Release|Any CPU
		{08329187-D558-400B-B78B-389BD0EA25EA}.Release|Any CPU.Build.0 = Release|Any CPU
		{8B975CB5-8389-40E4-B363-9ECF468CE43E}.Debug|Any CPU.ActiveCfg = Debug|Any CPU
		{8B975CB5-8389-40E4-B363-9ECF468CE43E}.Debug|Any CPU.Build.0 = Debug|Any CPU
		{8B975CB5-8389-40E4-B363-9ECF468CE43E}.Release|Any CPU.ActiveCfg = Release|Any CPU
		{8B975CB5-8389-40E4-B363-9ECF468CE43E}.Release|Any CPU.Build.0 = Release|Any CPU
	EndGlobalSection
	GlobalSection(SolutionProperties) = preSolution
		HideSolutionNode = FALSE
	EndGlobalSection
	GlobalSection(NestedProjects) = preSolution
		{07423B5D-E594-4E5E-8357-ABFD3DC44CB0} = {81BCC20D-C9EE-4B12-A0FE-CBDA04405961}
		{23C3BD06-F39E-409B-9F23-C8B3BDC0957E} = {90C4E424-21A6-4A07-A4A1-BA0B092ED2F8}
		{056E42D9-7AB6-4346-92AF-167BE6F540B9} = {90C4E424-21A6-4A07-A4A1-BA0B092ED2F8}
		{1C40A8B9-C4C0-4D6D-991C-C858223EFCF6} = {38690FCE-C6D9-4C71-9CC3-6337CFCF0A28}
		{0BC384D8-C336-4E04-BE01-000A18B8195A} = {38690FCE-C6D9-4C71-9CC3-6337CFCF0A28}
		{92F8299E-F122-440A-9DD5-8AEAD055366B} = {D6EB6566-8603-4390-880B-F2EFF43E1BB4}
		{47D3D32E-4834-4642-8FE8-825EB3FEFBCA} = {2E962596-0E27-4D96-A493-F3A5BEB9EDE8}
		{2F9A69BE-2E11-4EB1-91FD-869876F80D1B} = {D6EB6566-8603-4390-880B-F2EFF43E1BB4}
		{08329187-D558-400B-B78B-389BD0EA25EA} = {8B81737B-3CFE-4D5D-A04E-65F600E1B3CF}
		{8B975CB5-8389-40E4-B363-9ECF468CE43E} = {38690FCE-C6D9-4C71-9CC3-6337CFCF0A28}
	EndGlobalSection
EndGlobal
